
Microsoft Visual Studio Solution File, Format Version 12.00
# Visual Studio Version 17
VisualStudioVersion = 17.3.32929.385
MinimumVisualStudioVersion = 10.0.40219.1
Project("{8BC9CEB8-8B4A-11D0-8D11-00A0C91BC942}") = "Tutorial 11", "Tutorial 11.vcxproj", "{102617D3-72FA-4EFE-9041-8A78D3571E22}"
EndProject
Global
	GlobalSection(SolutionConfigurationPlatforms) = preSolution
		Debug|x64 = Debug|x64
		Debug|x86 = Debug|x86
		Release|x64 = Release|x64
		Release|x86 = Release|x86
	EndGlobalSection
	GlobalSection(ProjectConfigurationPlatforms) = postSolution
		{102617D3-72FA-4EFE-9041-8A78D3571E22}.Debug|x64.ActiveCfg = Debug|x64
		{102617D3-72FA-4EFE-9041-8A78D3571E22}.Debug|x64.Build.0 = Debug|x64
		{102617D3-72FA-4EFE-9041-8A78D3571E22}.Debug|x86.ActiveCfg = Debug|Win32
		{102617D3-72FA-4EFE-9041-8A78D3571E22}.Debug|x86.Build.0 = Debug|Win32
		{102617D3-72FA-4EFE-9041-8A78D3571E22}.Release|x64.ActiveCfg = Release|x64
		{102617D3-72FA-4EFE-9041-8A78D3571E22}.Release|x64.Build.0 = Release|x64
		{102617D3-72FA-4EFE-9041-8A78D3571E22}.Release|x86.ActiveCfg = Release|Win32
		{102617D3-72FA-4EFE-9041-8A78D3571E22}.Release|x86.Build.0 = Release|Win32
	EndGlobalSection
	GlobalSection(SolutionProperties) = preSolution
		HideSolutionNode = FALSE
	EndGlobalSection
	GlobalSection(ExtensibilityGlobals) = postSolution
		SolutionGuid = {69E84E8C-7513-451E-AD56-217C3A6CE906}
	EndGlobalSection
EndGlobal
